
Microsoft Visual Studio Solution File, Format Version 12.00
# Visual Studio Version 16
VisualStudioVersion = 16.0.33328.57
MinimumVisualStudioVersion = 10.0.40219.1
Project("{FAE04EC0-301F-11D3-BF4B-00C04F79EFBC}") = "BD2023", "BD2023\BD2023.csproj", "{A0954D98-D5C9-4A2E-B256-251990713D9B}"
EndProject
Global
	GlobalSection(SolutionConfigurationPlatforms) = preSolution
		Debug|Any CPU = Debug|Any CPU
		Release|Any CPU = Release|Any CPU
	EndGlobalSection
	GlobalSection(ProjectConfigurationPlatforms) = postSolution
		{A0954D98-D5C9-4A2E-B256-251990713D9B}.Debug|Any CPU.ActiveCfg = Debug|Any CPU
		{A0954D98-D5C9-4A2E-B256-251990713D9B}.Debug|Any CPU.Build.0 = Debug|Any CPU
		{A0954D98-D5C9-4A2E-B256-251990713D9B}.Release|Any CPU.ActiveCfg = Release|Any CPU
		{A0954D98-D5C9-4A2E-B256-251990713D9B}.Release|Any CPU.Build.0 = Release|Any CPU
	EndGlobalSection
	GlobalSection(SolutionProperties) = preSolution
		HideSolutionNode = FALSE
	EndGlobalSection
	GlobalSection(ExtensibilityGlobals) = postSolution
		SolutionGuid = {657B5082-8428-4F5E-8E41-66706BC00201}
	EndGlobalSection
EndGlobal
